// !$*UTF8*$!
{
	archiveVersion = 1;
	classes = {
	};
	objectVersion = 52;
	objects = {

/* Begin PBXBuildFile section */
		DB0F9B152520C0B5005A3F35 /* AppDelegate.swift in Sources */ = {isa = PBXBuildFile; fileRef = DB0F9B142520C0B5005A3F35 /* AppDelegate.swift */; };
		DB0F9B172520C0B5005A3F35 /* SceneDelegate.swift in Sources */ = {isa = PBXBuildFile; fileRef = DB0F9B162520C0B5005A3F35 /* SceneDelegate.swift */; };
		DB0F9B192520C0B5005A3F35 /* ResultsVC.swift in Sources */ = {isa = PBXBuildFile; fileRef = DB0F9B182520C0B5005A3F35 /* ResultsVC.swift */; };
		DB0F9B1C2520C0B5005A3F35 /* Main.storyboard in Resources */ = {isa = PBXBuildFile; fileRef = DB0F9B1A2520C0B5005A3F35 /* Main.storyboard */; };
		DB0F9B1E2520C0B5005A3F35 /* Assets.xcassets in Resources */ = {isa = PBXBuildFile; fileRef = DB0F9B1D2520C0B5005A3F35 /* Assets.xcassets */; };
		DB0F9B212520C0B5005A3F35 /* LaunchScreen.storyboard in Resources */ = {isa = PBXBuildFile; fileRef = DB0F9B1F2520C0B5005A3F35 /* LaunchScreen.storyboard */; };
		DB0F9B2C2520C0B6005A3F35 /* WordsTests.swift in Sources */ = {isa = PBXBuildFile; fileRef = DB0F9B2B2520C0B6005A3F35 /* WordsTests.swift */; };
		DB660FE42520DE2300D40C09 /* ResultsVCTests.swift in Sources */ = {isa = PBXBuildFile; fileRef = DB660FE32520DE2300D40C09 /* ResultsVCTests.swift */; };
		DB70A4382520C2D4006A763E /* ResultsCell.swift in Sources */ = {isa = PBXBuildFile; fileRef = DB70A4372520C2D4006A763E /* ResultsCell.swift */; };
		DB70A43A2520C7D6006A763E /* DetailVC.swift in Sources */ = {isa = PBXBuildFile; fileRef = DB70A4392520C7D6006A763E /* DetailVC.swift */; };
		DB70A43D2520CA03006A763E /* Alamofire in Frameworks */ = {isa = PBXBuildFile; productRef = DB70A43C2520CA03006A763E /* Alamofire */; };
		DB70A4402520CA5D006A763E /* NetworkManager.swift in Sources */ = {isa = PBXBuildFile; fileRef = DB70A43F2520CA5D006A763E /* NetworkManager.swift */; };
		DB70A4422520CB21006A763E /* SearchModels.swift in Sources */ = {isa = PBXBuildFile; fileRef = DB70A4412520CB21006A763E /* SearchModels.swift */; };
		DB70A4462520D0D9006A763E /* UIViewController+Extension.swift in Sources */ = {isa = PBXBuildFile; fileRef = DB70A4452520D0D9006A763E /* UIViewController+Extension.swift */; };
		DB70A4492520D210006A763E /* Kingfisher in Frameworks */ = {isa = PBXBuildFile; productRef = DB70A4482520D210006A763E /* Kingfisher */; };
		DB70A44C2520D67E006A763E /* RoundedImageView.swift in Sources */ = {isa = PBXBuildFile; fileRef = DB70A44B2520D67E006A763E /* RoundedImageView.swift */; };
		DB70A4502520D776006A763E /* DetailCell.swift in Sources */ = {isa = PBXBuildFile; fileRef = DB70A44F2520D776006A763E /* DetailCell.swift */; };
/* End PBXBuildFile section */

/* Begin PBXContainerItemProxy section */
		DB0F9B282520C0B6005A3F35 /* PBXContainerItemProxy */ = {
			isa = PBXContainerItemProxy;
			containerPortal = DB0F9B092520C0B4005A3F35 /* Project object */;
			proxyType = 1;
			remoteGlobalIDString = DB0F9B102520C0B5005A3F35;
			remoteInfo = Words;
		};
/* End PBXContainerItemProxy section */

/* Begin PBXFileReference section */
		DB0F9B112520C0B5005A3F35 /* Words.app */ = {isa = PBXFileReference; explicitFileType = wrapper.application; includeInIndex = 0; path = Words.app; sourceTree = BUILT_PRODUCTS_DIR; };
		DB0F9B142520C0B5005A3F35 /* AppDelegate.swift */ = {isa = PBXFileReference; lastKnownFileType = sourcecode.swift; path = AppDelegate.swift; sourceTree = "<group>"; };
		DB0F9B162520C0B5005A3F35 /* SceneDelegate.swift */ = {isa = PBXFileReference; lastKnownFileType = sourcecode.swift; path = SceneDelegate.swift; sourceTree = "<group>"; };
		DB0F9B182520C0B5005A3F35 /* ResultsVC.swift */ = {isa = PBXFileReference; lastKnownFileType = sourcecode.swift; path = ResultsVC.swift; sourceTree = "<group>"; };
		DB0F9B1B2520C0B5005A3F35 /* Base */ = {isa = PBXFileReference; lastKnownFileType = file.storyboard; name = Base; path = Base.lproj/Main.storyboard; sourceTree = "<group>"; };
		DB0F9B1D2520C0B5005A3F35 /* Assets.xcassets */ = {isa = PBXFileReference; lastKnownFileType = folder.assetcatalog; path = Assets.xcassets; sourceTree = "<group>"; };
		DB0F9B202520C0B5005A3F35 /* Base */ = {isa = PBXFileReference; lastKnownFileType = file.storyboard; name = Base; path = Base.lproj/LaunchScreen.storyboard; sourceTree = "<group>"; };
		DB0F9B222520C0B5005A3F35 /* Info.plist */ = {isa = PBXFileReference; lastKnownFileType = text.plist.xml; path = Info.plist; sourceTree = "<group>"; };
		DB0F9B272520C0B6005A3F35 /* WordsTests.xctest */ = {isa = PBXFileReference; explicitFileType = wrapper.cfbundle; includeInIndex = 0; path = WordsTests.xctest; sourceTree = BUILT_PRODUCTS_DIR; };
		DB0F9B2B2520C0B6005A3F35 /* WordsTests.swift */ = {isa = PBXFileReference; lastKnownFileType = sourcecode.swift; path = WordsTests.swift; sourceTree = "<group>"; };
		DB0F9B2D2520C0B6005A3F35 /* Info.plist */ = {isa = PBXFileReference; lastKnownFileType = text.plist.xml; path = Info.plist; sourceTree = "<group>"; };
		DB660FE32520DE2300D40C09 /* ResultsVCTests.swift */ = {isa = PBXFileReference; lastKnownFileType = sourcecode.swift; path = ResultsVCTests.swift; sourceTree = "<group>"; };
		DB70A4372520C2D4006A763E /* ResultsCell.swift */ = {isa = PBXFileReference; lastKnownFileType = sourcecode.swift; path = ResultsCell.swift; sourceTree = "<group>"; };
		DB70A4392520C7D6006A763E /* DetailVC.swift */ = {isa = PBXFileReference; lastKnownFileType = sourcecode.swift; path = DetailVC.swift; sourceTree = "<group>"; };
		DB70A43F2520CA5D006A763E /* NetworkManager.swift */ = {isa = PBXFileReference; lastKnownFileType = sourcecode.swift; path = NetworkManager.swift; sourceTree = "<group>"; };
		DB70A4412520CB21006A763E /* SearchModels.swift */ = {isa = PBXFileReference; lastKnownFileType = sourcecode.swift; path = SearchModels.swift; sourceTree = "<group>"; };
		DB70A4452520D0D9006A763E /* UIViewController+Extension.swift */ = {isa = PBXFileReference; lastKnownFileType = sourcecode.swift; path = "UIViewController+Extension.swift"; sourceTree = "<group>"; };
		DB70A44B2520D67E006A763E /* RoundedImageView.swift */ = {isa = PBXFileReference; lastKnownFileType = sourcecode.swift; path = RoundedImageView.swift; sourceTree = "<group>"; };
		DB70A44F2520D776006A763E /* DetailCell.swift */ = {isa = PBXFileReference; lastKnownFileType = sourcecode.swift; path = DetailCell.swift; sourceTree = "<group>"; };
/* End PBXFileReference section */

/* Begin PBXFrameworksBuildPhase section */
		DB0F9B0E2520C0B5005A3F35 /* Frameworks */ = {
			isa = PBXFrameworksBuildPhase;
			buildActionMask = 2147483647;
			files = (
				DB70A4492520D210006A763E /* Kingfisher in Frameworks */,
				DB70A43D2520CA03006A763E /* Alamofire in Frameworks */,
			);
			runOnlyForDeploymentPostprocessing = 0;
		};
		DB0F9B242520C0B6005A3F35 /* Frameworks */ = {
			isa = PBXFrameworksBuildPhase;
			buildActionMask = 2147483647;
			files = (
			);
			runOnlyForDeploymentPostprocessing = 0;
		};
/* End PBXFrameworksBuildPhase section */

/* Begin PBXGroup section */
		DB0F9B082520C0B4005A3F35 = {
			isa = PBXGroup;
			children = (
				DB0F9B132520C0B5005A3F35 /* Words */,
				DB0F9B2A2520C0B6005A3F35 /* WordsTests */,
				DB0F9B122520C0B5005A3F35 /* Products */,
			);
			sourceTree = "<group>";
		};
		DB0F9B122520C0B5005A3F35 /* Products */ = {
			isa = PBXGroup;
			children = (
				DB0F9B112520C0B5005A3F35 /* Words.app */,
				DB0F9B272520C0B6005A3F35 /* WordsTests.xctest */,
			);
			name = Products;
			sourceTree = "<group>";
		};
		DB0F9B132520C0B5005A3F35 /* Words */ = {
			isa = PBXGroup;
			children = (
				DB0F9B362520C1B2005A3F35 /* Model */,
				DB0F9B372520C1BB005A3F35 /* View */,
				DB0F9B382520C1C1005A3F35 /* Controller */,
				DB70A43E2520CA47006A763E /* Managers */,
				DB70A44A2520D660006A763E /* Custom Views */,
				DB70A4432520D0B8006A763E /* Extensions */,
				DB0F9B392520C1C7005A3F35 /* Supporting Files */,
			);
			path = Words;
			sourceTree = "<group>";
		};
		DB0F9B2A2520C0B6005A3F35 /* WordsTests */ = {
			isa = PBXGroup;
			children = (
				DB660FE22520DDF800D40C09 /* Controller */,
				DB0F9B2B2520C0B6005A3F35 /* WordsTests.swift */,
				DB0F9B2D2520C0B6005A3F35 /* Info.plist */,
			);
			path = WordsTests;
			sourceTree = "<group>";
		};
		DB0F9B362520C1B2005A3F35 /* Model */ = {
			isa = PBXGroup;
			children = (
				DB70A4412520CB21006A763E /* SearchModels.swift */,
			);
			path = Model;
			sourceTree = "<group>";
		};
		DB0F9B372520C1BB005A3F35 /* View */ = {
			isa = PBXGroup;
			children = (
				DB0F9B1A2520C0B5005A3F35 /* Main.storyboard */,
			);
			path = View;
			sourceTree = "<group>";
		};
		DB0F9B382520C1C1005A3F35 /* Controller */ = {
			isa = PBXGroup;
			children = (
				DB70A44D2520D745006A763E /* Results */,
				DB70A44E2520D74E006A763E /* Details */,
			);
			path = Controller;
			sourceTree = "<group>";
		};
		DB0F9B392520C1C7005A3F35 /* Supporting Files */ = {
			isa = PBXGroup;
			children = (
				DB0F9B142520C0B5005A3F35 /* AppDelegate.swift */,
				DB0F9B162520C0B5005A3F35 /* SceneDelegate.swift */,
				DB0F9B1D2520C0B5005A3F35 /* Assets.xcassets */,
				DB0F9B1F2520C0B5005A3F35 /* LaunchScreen.storyboard */,
				DB0F9B222520C0B5005A3F35 /* Info.plist */,
			);
			name = "Supporting Files";
			sourceTree = "<group>";
		};
		DB660FE22520DDF800D40C09 /* Controller */ = {
			isa = PBXGroup;
			children = (
				DB660FE32520DE2300D40C09 /* ResultsVCTests.swift */,
			);
			path = Controller;
			sourceTree = "<group>";
		};
		DB70A43E2520CA47006A763E /* Managers */ = {
			isa = PBXGroup;
			children = (
				DB70A43F2520CA5D006A763E /* NetworkManager.swift */,
			);
			path = Managers;
			sourceTree = "<group>";
		};
		DB70A4432520D0B8006A763E /* Extensions */ = {
			isa = PBXGroup;
			children = (
				DB70A4452520D0D9006A763E /* UIViewController+Extension.swift */,
			);
			path = Extensions;
			sourceTree = "<group>";
		};
		DB70A44A2520D660006A763E /* Custom Views */ = {
			isa = PBXGroup;
			children = (
				DB70A44B2520D67E006A763E /* RoundedImageView.swift */,
			);
			path = "Custom Views";
			sourceTree = "<group>";
		};
		DB70A44D2520D745006A763E /* Results */ = {
			isa = PBXGroup;
			children = (
				DB0F9B182520C0B5005A3F35 /* ResultsVC.swift */,
				DB70A4372520C2D4006A763E /* ResultsCell.swift */,
			);
			path = Results;
			sourceTree = "<group>";
		};
		DB70A44E2520D74E006A763E /* Details */ = {
			isa = PBXGroup;
			children = (
				DB70A4392520C7D6006A763E /* DetailVC.swift */,
				DB70A44F2520D776006A763E /* DetailCell.swift */,
			);
			path = Details;
			sourceTree = "<group>";
		};
/* End PBXGroup section */

/* Begin PBXNativeTarget section */
		DB0F9B102520C0B5005A3F35 /* Words */ = {
			isa = PBXNativeTarget;
			buildConfigurationList = DB0F9B302520C0B6005A3F35 /* Build configuration list for PBXNativeTarget "Words" */;
			buildPhases = (
				DB0F9B0D2520C0B5005A3F35 /* Sources */,
				DB0F9B0E2520C0B5005A3F35 /* Frameworks */,
				DB0F9B0F2520C0B5005A3F35 /* Resources */,
			);
			buildRules = (
			);
			dependencies = (
			);
			name = Words;
			packageProductDependencies = (
				DB70A43C2520CA03006A763E /* Alamofire */,
				DB70A4482520D210006A763E /* Kingfisher */,
			);
			productName = Words;
			productReference = DB0F9B112520C0B5005A3F35 /* Words.app */;
			productType = "com.apple.product-type.application";
		};
		DB0F9B262520C0B6005A3F35 /* WordsTests */ = {
			isa = PBXNativeTarget;
			buildConfigurationList = DB0F9B332520C0B6005A3F35 /* Build configuration list for PBXNativeTarget "WordsTests" */;
			buildPhases = (
				DB0F9B232520C0B6005A3F35 /* Sources */,
				DB0F9B242520C0B6005A3F35 /* Frameworks */,
				DB0F9B252520C0B6005A3F35 /* Resources */,
			);
			buildRules = (
			);
			dependencies = (
				DB0F9B292520C0B6005A3F35 /* PBXTargetDependency */,
			);
			name = WordsTests;
			productName = WordsTests;
			productReference = DB0F9B272520C0B6005A3F35 /* WordsTests.xctest */;
			productType = "com.apple.product-type.bundle.unit-test";
		};
/* End PBXNativeTarget section */

/* Begin PBXProject section */
		DB0F9B092520C0B4005A3F35 /* Project object */ = {
			isa = PBXProject;
			attributes = {
				LastSwiftUpdateCheck = 1170;
				LastUpgradeCheck = 1170;
				ORGANIZATIONNAME = "Emil Ismayilov";
				TargetAttributes = {
					DB0F9B102520C0B5005A3F35 = {
						CreatedOnToolsVersion = 11.7;
					};
					DB0F9B262520C0B6005A3F35 = {
						CreatedOnToolsVersion = 11.7;
						TestTargetID = DB0F9B102520C0B5005A3F35;
					};
				};
			};
			buildConfigurationList = DB0F9B0C2520C0B4005A3F35 /* Build configuration list for PBXProject "Words" */;
			compatibilityVersion = "Xcode 9.3";
			developmentRegion = en;
			hasScannedForEncodings = 0;
			knownRegions = (
				en,
				Base,
			);
			mainGroup = DB0F9B082520C0B4005A3F35;
			packageReferences = (
				DB70A43B2520CA03006A763E /* XCRemoteSwiftPackageReference "Alamofire" */,
				DB70A4472520D210006A763E /* XCRemoteSwiftPackageReference "Kingfisher" */,
			);
			productRefGroup = DB0F9B122520C0B5005A3F35 /* Products */;
			projectDirPath = "";
			projectRoot = "";
			targets = (
				DB0F9B102520C0B5005A3F35 /* Words */,
				DB0F9B262520C0B6005A3F35 /* WordsTests */,
			);
		};
/* End PBXProject section */

/* Begin PBXResourcesBuildPhase section */
		DB0F9B0F2520C0B5005A3F35 /* Resources */ = {
			isa = PBXResourcesBuildPhase;
			buildActionMask = 2147483647;
			files = (
				DB0F9B212520C0B5005A3F35 /* LaunchScreen.storyboard in Resources */,
				DB0F9B1E2520C0B5005A3F35 /* Assets.xcassets in Resources */,
				DB0F9B1C2520C0B5005A3F35 /* Main.storyboard in Resources */,
			);
			runOnlyForDeploymentPostprocessing = 0;
		};
		DB0F9B252520C0B6005A3F35 /* Resources */ = {
			isa = PBXResourcesBuildPhase;
			buildActionMask = 2147483647;
			files = (
			);
			runOnlyForDeploymentPostprocessing = 0;
		};
/* End PBXResourcesBuildPhase section */

/* Begin PBXSourcesBuildPhase section */
		DB0F9B0D2520C0B5005A3F35 /* Sources */ = {
			isa = PBXSourcesBuildPhase;
			buildActionMask = 2147483647;
			files = (
				DB70A4502520D776006A763E /* DetailCell.swift in Sources */,
				DB70A4462520D0D9006A763E /* UIViewController+Extension.swift in Sources */,
				DB70A4422520CB21006A763E /* SearchModels.swift in Sources */,
				DB70A4402520CA5D006A763E /* NetworkManager.swift in Sources */,
				DB70A43A2520C7D6006A763E /* DetailVC.swift in Sources */,
				DB0F9B192520C0B5005A3F35 /* ResultsVC.swift in Sources */,
				DB0F9B152520C0B5005A3F35 /* AppDelegate.swift in Sources */,
				DB70A4382520C2D4006A763E /* ResultsCell.swift in Sources */,
				DB0F9B172520C0B5005A3F35 /* SceneDelegate.swift in Sources */,
				DB70A44C2520D67E006A763E /* RoundedImageView.swift in Sources */,
			);
			runOnlyForDeploymentPostprocessing = 0;
		};
		DB0F9B232520C0B6005A3F35 /* Sources */ = {
			isa = PBXSourcesBuildPhase;
			buildActionMask = 2147483647;
			files = (
				DB0F9B2C2520C0B6005A3F35 /* WordsTests.swift in Sources */,
				DB660FE42520DE2300D40C09 /* ResultsVCTests.swift in Sources */,
			);
			runOnlyForDeploymentPostprocessing = 0;
		};
/* End PBXSourcesBuildPhase section */

/* Begin PBXTargetDependency section */
		DB0F9B292520C0B6005A3F35 /* PBXTargetDependency */ = {
			isa = PBXTargetDependency;
			target = DB0F9B102520C0B5005A3F35 /* Words */;
			targetProxy = DB0F9B282520C0B6005A3F35 /* PBXContainerItemProxy */;
		};
/* End PBXTargetDependency section */

/* Begin PBXVariantGroup section */
		DB0F9B1A2520C0B5005A3F35 /* Main.storyboard */ = {
			isa = PBXVariantGroup;
			children = (
				DB0F9B1B2520C0B5005A3F35 /* Base */,
			);
			name = Main.storyboard;
			sourceTree = "<group>";
		};
		DB0F9B1F2520C0B5005A3F35 /* LaunchScreen.storyboard */ = {
			isa = PBXVariantGroup;
			children = (
				DB0F9B202520C0B5005A3F35 /* Base */,
			);
			name = LaunchScreen.storyboard;
			sourceTree = "<group>";
		};
/* End PBXVariantGroup section */

/* Begin XCBuildConfiguration section */
		DB0F9B2E2520C0B6005A3F35 /* Debug */ = {
			isa = XCBuildConfiguration;
			buildSettings = {
				ALWAYS_SEARCH_USER_PATHS = NO;
				CLANG_ANALYZER_NONNULL = YES;
				CLANG_ANALYZER_NUMBER_OBJECT_CONVERSION = YES_AGGRESSIVE;
				CLANG_CXX_LANGUAGE_STANDARD = "gnu++14";
				CLANG_CXX_LIBRARY = "libc++";
				CLANG_ENABLE_MODULES = YES;
				CLANG_ENABLE_OBJC_ARC = YES;
				CLANG_ENABLE_OBJC_WEAK = YES;
				CLANG_WARN_BLOCK_CAPTURE_AUTORELEASING = YES;
				CLANG_WARN_BOOL_CONVERSION = YES;
				CLANG_WARN_COMMA = YES;
				CLANG_WARN_CONSTANT_CONVERSION = YES;
				CLANG_WARN_DEPRECATED_OBJC_IMPLEMENTATIONS = YES;
				CLANG_WARN_DIRECT_OBJC_ISA_USAGE = YES_ERROR;
				CLANG_WARN_DOCUMENTATION_COMMENTS = YES;
				CLANG_WARN_EMPTY_BODY = YES;
				CLANG_WARN_ENUM_CONVERSION = YES;
				CLANG_WARN_INFINITE_RECURSION = YES;
				CLANG_WARN_INT_CONVERSION = YES;
				CLANG_WARN_NON_LITERAL_NULL_CONVERSION = YES;
				CLANG_WARN_OBJC_IMPLICIT_RETAIN_SELF = YES;
				CLANG_WARN_OBJC_LITERAL_CONVERSION = YES;
				CLANG_WARN_OBJC_ROOT_CLASS = YES_ERROR;
				CLANG_WARN_RANGE_LOOP_ANALYSIS = YES;
				CLANG_WARN_STRICT_PROTOTYPES = YES;
				CLANG_WARN_SUSPICIOUS_MOVE = YES;
				CLANG_WARN_UNGUARDED_AVAILABILITY = YES_AGGRESSIVE;
				CLANG_WARN_UNREACHABLE_CODE = YES;
				CLANG_WARN__DUPLICATE_METHOD_MATCH = YES;
				COPY_PHASE_STRIP = NO;
				DEBUG_INFORMATION_FORMAT = dwarf;
				ENABLE_STRICT_OBJC_MSGSEND = YES;
				ENABLE_TESTABILITY = YES;
				GCC_C_LANGUAGE_STANDARD = gnu11;
				GCC_DYNAMIC_NO_PIC = NO;
				GCC_NO_COMMON_BLOCKS = YES;
				GCC_OPTIMIZATION_LEVEL = 0;
				GCC_PREPROCESSOR_DEFINITIONS = (
					"DEBUG=1",
					"$(inherited)",
				);
				GCC_WARN_64_TO_32_BIT_CONVERSION = YES;
				GCC_WARN_ABOUT_RETURN_TYPE = YES_ERROR;
				GCC_WARN_UNDECLARED_SELECTOR = YES;
				GCC_WARN_UNINITIALIZED_AUTOS = YES_AGGRESSIVE;
				GCC_WARN_UNUSED_FUNCTION = YES;
				GCC_WARN_UNUSED_VARIABLE = YES;
				IPHONEOS_DEPLOYMENT_TARGET = 13.7;
				MTL_ENABLE_DEBUG_INFO = INCLUDE_SOURCE;
				MTL_FAST_MATH = YES;
				ONLY_ACTIVE_ARCH = YES;
				SDKROOT = iphoneos;
				SWIFT_ACTIVE_COMPILATION_CONDITIONS = DEBUG;
				SWIFT_OPTIMIZATION_LEVEL = "-Onone";
			};
			name = Debug;
		};
		DB0F9B2F2520C0B6005A3F35 /* Release */ = {
			isa = XCBuildConfiguration;
			buildSettings = {
				ALWAYS_SEARCH_USER_PATHS = NO;
				CLANG_ANALYZER_NONNULL = YES;
				CLANG_ANALYZER_NUMBER_OBJECT_CONVERSION = YES_AGGRESSIVE;
				CLANG_CXX_LANGUAGE_STANDARD = "gnu++14";
				CLANG_CXX_LIBRARY = "libc++";
				CLANG_ENABLE_MODULES = YES;
				CLANG_ENABLE_OBJC_ARC = YES;
				CLANG_ENABLE_OBJC_WEAK = YES;
				CLANG_WARN_BLOCK_CAPTURE_AUTORELEASING = YES;
				CLANG_WARN_BOOL_CONVERSION = YES;
				CLANG_WARN_COMMA = YES;
				CLANG_WARN_CONSTANT_CONVERSION = YES;
				CLANG_WARN_DEPRECATED_OBJC_IMPLEMENTATIONS = YES;
				CLANG_WARN_DIRECT_OBJC_ISA_USAGE = YES_ERROR;
				CLANG_WARN_DOCUMENTATION_COMMENTS = YES;
				CLANG_WARN_EMPTY_BODY = YES;
				CLANG_WARN_ENUM_CONVERSION = YES;
				CLANG_WARN_INFINITE_RECURSION = YES;
				CLANG_WARN_INT_CONVERSION = YES;
				CLANG_WARN_NON_LITERAL_NULL_CONVERSION = YES;
				CLANG_WARN_OBJC_IMPLICIT_RETAIN_SELF = YES;
				CLANG_WARN_OBJC_LITERAL_CONVERSION = YES;
				CLANG_WARN_OBJC_ROOT_CLASS = YES_ERROR;
				CLANG_WARN_RANGE_LOOP_ANALYSIS = YES;
				CLANG_WARN_STRICT_PROTOTYPES = YES;
				CLANG_WARN_SUSPICIOUS_MOVE = YES;
				CLANG_WARN_UNGUARDED_AVAILABILITY = YES_AGGRESSIVE;
				CLANG_WARN_UNREACHABLE_CODE = YES;
				CLANG_WARN__DUPLICATE_METHOD_MATCH = YES;
				COPY_PHASE_STRIP = NO;
				DEBUG_INFORMATION_FORMAT = "dwarf-with-dsym";
				ENABLE_NS_ASSERTIONS = NO;
				ENABLE_STRICT_OBJC_MSGSEND = YES;
				GCC_C_LANGUAGE_STANDARD = gnu11;
				GCC_NO_COMMON_BLOCKS = YES;
				GCC_WARN_64_TO_32_BIT_CONVERSION = YES;
				GCC_WARN_ABOUT_RETURN_TYPE = YES_ERROR;
				GCC_WARN_UNDECLARED_SELECTOR = YES;
				GCC_WARN_UNINITIALIZED_AUTOS = YES_AGGRESSIVE;
				GCC_WARN_UNUSED_FUNCTION = YES;
				GCC_WARN_UNUSED_VARIABLE = YES;
				IPHONEOS_DEPLOYMENT_TARGET = 13.7;
				MTL_ENABLE_DEBUG_INFO = NO;
				MTL_FAST_MATH = YES;
				SDKROOT = iphoneos;
				SWIFT_COMPILATION_MODE = wholemodule;
				SWIFT_OPTIMIZATION_LEVEL = "-O";
				VALIDATE_PRODUCT = YES;
			};
			name = Release;
		};
		DB0F9B312520C0B6005A3F35 /* Debug */ = {
			isa = XCBuildConfiguration;
			buildSettings = {
				ASSETCATALOG_COMPILER_APPICON_NAME = AppIcon;
				CODE_SIGN_STYLE = Automatic;
				DEVELOPMENT_TEAM = 54356JME6T;
				INFOPLIST_FILE = Words/Info.plist;
				IPHONEOS_DEPLOYMENT_TARGET = 13.0;
				LD_RUNPATH_SEARCH_PATHS = (
					"$(inherited)",
					"@executable_path/Frameworks",
				);
				PRODUCT_BUNDLE_IDENTIFIER = com.emil.Words;
				PRODUCT_NAME = "$(TARGET_NAME)";
				SWIFT_VERSION = 5.0;
				TARGETED_DEVICE_FAMILY = 1;
			};
			name = Debug;
		};
		DB0F9B322520C0B6005A3F35 /* Release */ = {
			isa = XCBuildConfiguration;
			buildSettings = {
				ASSETCATALOG_COMPILER_APPICON_NAME = AppIcon;
				CODE_SIGN_STYLE = Automatic;
				DEVELOPMENT_TEAM = 54356JME6T;
				INFOPLIST_FILE = Words/Info.plist;
				IPHONEOS_DEPLOYMENT_TARGET = 13.0;
				LD_RUNPATH_SEARCH_PATHS = (
					"$(inherited)",
					"@executable_path/Frameworks",
				);
				PRODUCT_BUNDLE_IDENTIFIER = com.emil.Words;
				PRODUCT_NAME = "$(TARGET_NAME)";
				SWIFT_VERSION = 5.0;
				TARGETED_DEVICE_FAMILY = 1;
			};
			name = Release;
		};
		DB0F9B342520C0B6005A3F35 /* Debug */ = {
			isa = XCBuildConfiguration;
			buildSettings = {
				ALWAYS_EMBED_SWIFT_STANDARD_LIBRARIES = YES;
				BUNDLE_LOADER = "$(TEST_HOST)";
				CODE_SIGN_STYLE = Automatic;
				DEVELOPMENT_TEAM = 54356JME6T;
				INFOPLIST_FILE = WordsTests/Info.plist;
				IPHONEOS_DEPLOYMENT_TARGET = 13.7;
				LD_RUNPATH_SEARCH_PATHS = (
					"$(inherited)",
					"@executable_path/Frameworks",
					"@loader_path/Frameworks",
				);
				PRODUCT_BUNDLE_IDENTIFIER = com.emil.WordsTests;
				PRODUCT_NAME = "$(TARGET_NAME)";
				SWIFT_VERSION = 5.0;
				TARGETED_DEVICE_FAMILY = "1,2";
				TEST_HOST = "$(BUILT_PRODUCTS_DIR)/Words.app/Words";
			};
			name = Debug;
		};
		DB0F9B352520C0B6005A3F35 /* Release */ = {
			isa = XCBuildConfiguration;
			buildSettings = {
				ALWAYS_EMBED_SWIFT_STANDARD_LIBRARIES = YES;
				BUNDLE_LOADER = "$(TEST_HOST)";
				CODE_SIGN_STYLE = Automatic;
				DEVELOPMENT_TEAM = 54356JME6T;
				INFOPLIST_FILE = WordsTests/Info.plist;
				IPHONEOS_DEPLOYMENT_TARGET = 13.7;
				LD_RUNPATH_SEARCH_PATHS = (
					"$(inherited)",
					"@executable_path/Frameworks",
					"@loader_path/Frameworks",
				);
				PRODUCT_BUNDLE_IDENTIFIER = com.emil.WordsTests;
				PRODUCT_NAME = "$(TARGET_NAME)";
				SWIFT_VERSION = 5.0;
				TARGETED_DEVICE_FAMILY = "1,2";
				TEST_HOST = "$(BUILT_PRODUCTS_DIR)/Words.app/Words";
			};
			name = Release;
		};
/* End XCBuildConfiguration section */

/* Begin XCConfigurationList section */
		DB0F9B0C2520C0B4005A3F35 /* Build configuration list for PBXProject "Words" */ = {
			isa = XCConfigurationList;
			buildConfigurations = (
				DB0F9B2E2520C0B6005A3F35 /* Debug */,
				DB0F9B2F2520C0B6005A3F35 /* Release */,
			);
			defaultConfigurationIsVisible = 0;
			defaultConfigurationName = Release;
		};
		DB0F9B302520C0B6005A3F35 /* Build configuration list for PBXNativeTarget "Words" */ = {
			isa = XCConfigurationList;
			buildConfigurations = (
				DB0F9B312520C0B6005A3F35 /* Debug */,
				DB0F9B322520C0B6005A3F35 /* Release */,
			);
			defaultConfigurationIsVisible = 0;
			defaultConfigurationName = Release;
		};
		DB0F9B332520C0B6005A3F35 /* Build configuration list for PBXNativeTarget "WordsTests" */ = {
			isa = XCConfigurationList;
			buildConfigurations = (
				DB0F9B342520C0B6005A3F35 /* Debug */,
				DB0F9B352520C0B6005A3F35 /* Release */,
			);
			defaultConfigurationIsVisible = 0;
			defaultConfigurationName = Release;
		};
/* End XCConfigurationList section */

/* Begin XCRemoteSwiftPackageReference section */
		DB70A43B2520CA03006A763E /* XCRemoteSwiftPackageReference "Alamofire" */ = {
			isa = XCRemoteSwiftPackageReference;
			repositoryURL = "https://github.com/Alamofire/Alamofire.git";
			requirement = {
				kind = upToNextMajorVersion;
				minimumVersion = 5.2.2;
			};
		};
		DB70A4472520D210006A763E /* XCRemoteSwiftPackageReference "Kingfisher" */ = {
			isa = XCRemoteSwiftPackageReference;
			repositoryURL = "https://github.com/onevcat/Kingfisher.git";
			requirement = {
				kind = upToNextMajorVersion;
				minimumVersion = 5.15.4;
			};
		};
/* End XCRemoteSwiftPackageReference section */

/* Begin XCSwiftPackageProductDependency section */
		DB70A43C2520CA03006A763E /* Alamofire */ = {
			isa = XCSwiftPackageProductDependency;
			package = DB70A43B2520CA03006A763E /* XCRemoteSwiftPackageReference "Alamofire" */;
			productName = Alamofire;
		};
		DB70A4482520D210006A763E /* Kingfisher */ = {
			isa = XCSwiftPackageProductDependency;
			package = DB70A4472520D210006A763E /* XCRemoteSwiftPackageReference "Kingfisher" */;
			productName = Kingfisher;
		};
/* End XCSwiftPackageProductDependency section */
	};
	rootObject = DB0F9B092520C0B4005A3F35 /* Project object */;
}
